
Microsoft Visual Studio Solution File, Format Version 12.00
# Visual Studio 15
VisualStudioVersion = 15.0.27130.2010
MinimumVisualStudioVersion = 10.0.40219.1
Project("{FAE04EC0-301F-11D3-BF4B-00C04F79EFBC}") = "FontViewer", "FontViewer\FontViewer.csproj", "{17730787-7199-42C6-9853-CAE03895D479}"
EndProject
Global
	GlobalSection(SolutionConfigurationPlatforms) = preSolution
		Debug|Any CPU = Debug|Any CPU
		Release|Any CPU = Release|Any CPU
	EndGlobalSection
	GlobalSection(ProjectConfigurationPlatforms) = postSolution
		{17730787-7199-42C6-9853-CAE03895D479}.Debug|Any CPU.ActiveCfg = Debug|Any CPU
		{17730787-7199-42C6-9853-CAE03895D479}.Debug|Any CPU.Build.0 = Debug|Any CPU
		{17730787-7199-42C6-9853-CAE03895D479}.Release|Any CPU.ActiveCfg = Release|Any CPU
		{17730787-7199-42C6-9853-CAE03895D479}.Release|Any CPU.Build.0 = Release|Any CPU
	EndGlobalSection
	GlobalSection(SolutionProperties) = preSolution
		HideSolutionNode = FALSE
	EndGlobalSection
	GlobalSection(ExtensibilityGlobals) = postSolution
		SolutionGuid = {CA21F683-F44B-4EEB-B2F7-9D6BB8E42E29}
	EndGlobalSection
EndGlobal
